<?xml version="1.0" encoding="utf-8"?>
<Project ToolsVersion="4.0" xmlns="http://schemas.microsoft.com/developer/msbuild/2003">
  <ItemGroup>
    <Filter Include="源文件">
      <UniqueIdentifier>{4FC737F1-C7A5-4376-A066-2A32D752A2FF}</UniqueIdentifier>
      <Extensions>cpp;c;cc;cxx;c++;cppm;ixx;def;odl;idl;hpj;bat;asm;asmx</Extensions>
    </Filter>
    <Filter Include="头文件">
      <UniqueIdentifier>{93995380-89BD-4b04-88EB-625FBE52EBFB}</UniqueIdentifier>
      <Extensions>h;hh;hpp;hxx;h++;hm;inl;inc;ipp;xsd</Extensions>
    </Filter>
    <Filter Include="资源文件">
      <UniqueIdentifier>{67DA6AB6-F800-4c08-8B7A-83BB121AAD01}</UniqueIdentifier>
      <Extensions>rc;ico;cur;bmp;dlg;rc2;rct;bin;rgs;gif;jpg;jpeg;jpe;resx;tiff;tif;png;wav;mfcribbon-ms</Extensions>
    </Filter>
  </ItemGroup>
  <ItemGroup>
    <ClInclude Include="src\core\cpu\CpuInfo.h">
      <Filter>头文件</Filter>
    </ClInclude>
    <ClInclude Include="src\core\gpu\GpuInfo.h">
      <Filter>头文件</Filter>
    </ClInclude>
    <ClInclude Include="src\core\memory\MemoryInfo.h">
      <Filter>头文件</Filter>
    </ClInclude>
    <ClInclude Include="src\core\memory\PawnIOWrapper.h">
      <Filter>头文件</Filter>
    </ClInclude>
    <ClInclude Include="src\core\memory\MemoryTempReader.h">
      <Filter>头文件</Filter>
    </ClInclude>
    <ClInclude Include="src\core\network\NetworkAdapter.h">
      <Filter>头文件</Filter>
    </ClInclude>
    <ClInclude Include="src\core\os\OSInfo.h">
      <Filter>头文件</Filter>
    </ClInclude>
    <ClInclude Include="src\core\Utils\Logger.h">
      <Filter>头文件</Filter>
    </ClInclude>
    <ClInclude Include="src\core\Utils\TimeUtils.h">
      <Filter>头文件</Filter>
    </ClInclude>
    <ClInclude Include="src\core\Utils\WinUtils.h">
      <Filter>头文件</Filter>
    </ClInclude>
    <ClInclude Include="src\core\Utils\WMIManager.h">
      <Filter>头文件</Filter>
    </ClInclude>
    <ClInclude Include="src\core\disk\DiskInfo.h">
      <Filter>头文件</Filter>
    </ClInclude>
    <ClInclude Include="src\core\DataStruct\DataStruct.h">
      <Filter>头文件</Filter>
    </ClInclude>
    <ClInclude Include="src\core\DataStruct\SharedMemoryManager.h">
      <Filter>头文件</Filter>
    </ClInclude>
    <ClInclude Include="src\core\Utils\stdafx.h">
      <Filter>头文件</Filter>
    </ClInclude>
    <ClInclude Include="src\core\temperature\TemperatureWrapper.h">
      <Filter>头文件</Filter>
    </ClInclude>
    <ClInclude Include="src\core\Utils\LibreHardwareMonitorBridge.h">
      <Filter>头文件</Filter>
    </ClInclude>
    <ClInclude Include="src\core\Config\ConfigManager.h">
      <Filter>头文件</Filter>
    </ClInclude>
    <ClInclude Include="src\tui\LogBuffer.h">
      <Filter>头文件</Filter>
    </ClInclude>
    <ClInclude Include="src\tui\TuiApp.h">
      <Filter>头文件</Filter>
    </ClInclude>
    <ClInclude Include="src\core\wifi\WiFiInfo.h">
      <Filter>头文件</Filter>
    </ClInclude>
    <ClInclude Include="src\core\wifi\WiFiInfo_wlan.h">
      <Filter>头文件</Filter>
    </ClInclude>
    <ClInclude Include="src\core\notifications\DeviceChangeNotifier.h">
      <Filter>头文件</Filter>
    </ClInclude>
    <ClInclude Include="src\core\notifications\UserNotifier.h">
      <Filter>头文件</Filter>
    </ClInclude>
    <ClInclude Include="src\core\notifications\SystemEventMonitor.h">
      <Filter>头文件</Filter>
    </ClInclude>
    <ClInclude Include="src\core\coordinator\ModuleCoordinator.h">
      <Filter>头文件</Filter>
    </ClInclude>
    <ClInclude Include="src\core\Utils\JThreadCompat.h">
      <Filter>头文件</Filter>
    </ClInclude>
    <ClInclude Include="src\core\bluetooth\BluetoothInfo.h">
      <Filter>头文件</Filter>
    </ClInclude>
    <ClInclude Include="src\core\etw\EtwMonitor.h">
      <Filter>头文件</Filter>
    </ClInclude>
    <ClInclude Include="src\core\power\PowerInfo.h">
      <Filter>头文件</Filter>
    </ClInclude>
    <ClInclude Include="src\core\power\PowerMonitor.h">
      <Filter>头文件</Filter>
    </ClInclude>
  </ItemGroup>
  <ItemGroup>
    <ClCompile Include="src\core\Utils\Logger.cpp">
      <Filter>源文件</Filter>
    </ClCompile>
    <ClCompile Include="src\core\Utils\TimeUtils.cpp">
      <Filter>源文件</Filter>
    </ClCompile>
    <ClCompile Include="src\core\Utils\WinUtils.cpp">
      <Filter>源文件</Filter>
    </ClCompile>
    <ClCompile Include="src\core\Utils\WMIManager.cpp">
      <Filter>源文件</Filter>
    </ClCompile>
    <ClCompile Include="src\core\os\OSInfo.cpp">
      <Filter>源文件</Filter>
    </ClCompile>
    <ClCompile Include="src\core\network\NetworkAdapter.cpp">
      <Filter>源文件</Filter>
    </ClCompile>
    <ClCompile Include="src\core\memory\MemoryInfo.cpp">
      <Filter>源文件</Filter>
    </ClCompile>
    <ClCompile Include="src\core\memory\PawnIOWrapper.cpp">
      <Filter>源文件</Filter>
    </ClCompile>
    <ClCompile Include="src\core\memory\MemoryTempReader.cpp">
      <Filter>源文件</Filter>
    </ClCompile>
    <ResourceCompile Include="src\resources.rc">
      <Filter>资源文件</Filter>
    </ResourceCompile>
    <ClCompile Include="src\core\gpu\GpuInfo.cpp">
      <Filter>源文件</Filter>
    </ClCompile>
    <ClCompile Include="src\core\cpu\CpuInfo.cpp">
      <Filter>源文件</Filter>
    </ClCompile>
    <ClCompile Include="src\core\disk\DiskInfo.cpp">
      <Filter>源文件</Filter>
    </ClCompile>
    <ClCompile Include="src\core\DataStruct\SharedMemoryManager.cpp">
      <Filter>源文件</Filter>
    </ClCompile>
    <ClCompile Include="src\core\Utils\ComInitializationHelper.cpp">
      <Filter>源文件</Filter>
    </ClCompile>
    <ClCompile Include="src\core\temperature\TemperatureWrapper.cpp">
      <Filter>源文件</Filter>
    </ClCompile>
    <ClCompile Include="src\core\Utils\LibreHardwareMonitorBridge.cpp">
      <Filter>源文件</Filter>
    </ClCompile>
    <ClCompile Include="src\main.cpp">
      <Filter>源文件</Filter>
    </ClCompile>
    <ClCompile Include="src\core\Config\ConfigManager.cpp">
      <Filter>源文件</Filter>
    </ClCompile>
    <ClCompile Include="src\core\Platform\Platform_Windows.cpp">
      <Filter>源文件</Filter>
    </ClCompile>
    <ClCompile Include="src\core\Utils\TpmBridge.cpp">
      <Filter>源文件</Filter>
    </ClCompile>
    <ClCompile Include="src\tui\TuiApp.cpp">
      <Filter>源文件</Filter>
    </ClCompile>
    <ClCompile Include="src\core\usb\UsbInfo.cpp">
      <Filter>源文件</Filter>
    </ClCompile>
    <ClCompile Include="src\core\MCP\MCPServer.cpp">
      <Filter>源文件</Filter>
    </ClCompile>
    <ClCompile Include="src\core\IPC\IPCClient.cpp">
      <Filter>源文件</Filter>
    </ClCompile>
    <ClCompile Include="src\core\history\HistoryLogger.cpp">
      <Filter>源文件</Filter>
    </ClCompile>
    <ClCompile Include="src\core\IPC\IPCServer.cpp">
      <Filter>源文件</Filter>
    </ClCompile>
    <ClCompile Include="src\core\wifi\WiFiInfo.cpp">
      <Filter>源文件</Filter>
    </ClCompile>
    <ClCompile Include="src\core\wifi\WiFiInfo_wlan.c">
      <Filter>源文件</Filter>
    </ClCompile>
    <ClCompile Include="src\core\notifications\UserNotifier.cpp">
      <Filter>源文件</Filter>
    </ClCompile>
    <ClCompile Include="src\core\notifications\SystemEventMonitor.cpp">
      <Filter>源文件</Filter>
    </ClCompile>
    <ClCompile Include="src\core\coordinator\ModuleCoordinator.cpp">
      <Filter>源文件</Filter>
    </ClCompile>
    <ClCompile Include="src\core\coordinator\ModuleCoordinator_cpu.cpp">
      <Filter>源文件</Filter>
    </ClCompile>
    <ClCompile Include="src\core\coordinator\ModuleCoordinator_io.cpp">
      <Filter>源文件</Filter>
    </ClCompile>
    <ClCompile Include="src\core\bluetooth\BluetoothInfo.cpp">
      <Filter>源文件</Filter>
    </ClCompile>
    <ClCompile Include="src\core\power\PowerInfo.cpp">
      <Filter>源文件</Filter>
    </ClCompile>
    <ClCompile Include="src\core\power\PowerMonitor.cpp">
      <Filter>源文件</Filter>
    </ClCompile>
    <ClCompile Include="src\core\etw\EtwMonitor.cpp">
      <Filter>源文件</Filter>
    </ClCompile>
    <ClCompile Include="src\core\disk\SmartReader.cpp">
      <Filter>源文件</Filter>
    </ClCompile>
  </ItemGroup>
</Project>